
Microsoft Visual Studio Solution File, Format Version 12.00
# Visual Studio 15
VisualStudioVersion = 15.0.27428.2002
MinimumVisualStudioVersion = 10.0.40219.1
Project("{FAE04EC0-301F-11D3-BF4B-00C04F79EFBC}") = "Order_WinForm", "Order_WinForm\Order_WinForm.csproj", "{C327523F-1629-4B33-8C3B-E25D03818230}"
	ProjectSection(ProjectDependencies) = postProject
		{3865812C-82AC-44E8-8382-66BE5FB26FF3} = {3865812C-82AC-44E8-8382-66BE5FB26FF3}
	EndProjectSection
EndProject
Project("{FAE04EC0-301F-11D3-BF4B-00C04F79EFBC}") = "Order-new", "Order-new\Order-new.csproj", "{3865812C-82AC-44E8-8382-66BE5FB26FF3}"
EndProject
Global
	GlobalSection(SolutionConfigurationPlatforms) = preSolution
		Debug|Any CPU = Debug|Any CPU
		Release|Any CPU = Release|Any CPU
	EndGlobalSection
	GlobalSection(ProjectConfigurationPlatforms) = postSolution
		{C327523F-1629-4B33-8C3B-E25D03818230}.Debug|Any CPU.ActiveCfg = Debug|Any CPU
		{C327523F-1629-4B33-8C3B-E25D03818230}.Debug|Any CPU.Build.0 = Debug|Any CPU
		{C327523F-1629-4B33-8C3B-E25D03818230}.Release|Any CPU.ActiveCfg = Release|Any CPU
		{C327523F-1629-4B33-8C3B-E25D03818230}.Release|Any CPU.Build.0 = Release|Any CPU
		{3865812C-82AC-44E8-8382-66BE5FB26FF3}.Debug|Any CPU.ActiveCfg = Debug|Any CPU
		{3865812C-82AC-44E8-8382-66BE5FB26FF3}.Debug|Any CPU.Build.0 = Debug|Any CPU
		{3865812C-82AC-44E8-8382-66BE5FB26FF3}.Release|Any CPU.ActiveCfg = Release|Any CPU
		{3865812C-82AC-44E8-8382-66BE5FB26FF3}.Release|Any CPU.Build.0 = Release|Any CPU
	EndGlobalSection
	GlobalSection(SolutionProperties) = preSolution
		HideSolutionNode = FALSE
	EndGlobalSection
	GlobalSection(ExtensibilityGlobals) = postSolution
		SolutionGuid = {A5AFCACB-5350-4D00-8160-2ABB079D7230}
	EndGlobalSection
EndGlobal
